
Microsoft Visual Studio Solution File, Format Version 12.00
# Visual Studio Version 17
VisualStudioVersion = 17.4.33122.133
MinimumVisualStudioVersion = 10.0.40219.1
Project("{9A19103F-16F7-4668-BE54-9A1E7A4F7556}") = "ThAmCo.Order_Management.WebAPI", "ThAmCo.Order_Management.WebAPI\ThAmCo.Order_Management.WebAPI.csproj", "{9B3E17E7-50BB-423D-B814-351390479F13}"
EndProject
Project("{2150E333-8FDC-42A3-9474-1A3956D46DE8}") = "ThAmCo.Order.Application", "ThAmCo.Order.Application", "{A060743D-4F20-4BE9-A42D-861D0DA4388D}"
EndProject
Project("{9A19103F-16F7-4668-BE54-9A1E7A4F7556}") = "OrderManagerFileLogger", "OrderManagerFileLogger\OrderManagerFileLogger.csproj", "{0503A6D6-4676-4C05-996B-B4F32F4E2DD3}"
EndProject
Project("{2150E333-8FDC-42A3-9474-1A3956D46DE8}") = "ThAmCo.Order_Management.XUnitTests", "ThAmCo.Order_Management.XUnitTests", "{63A4673C-0DE6-486C-84ED-B7FE4104912E}"
EndProject
Project("{2150E333-8FDC-42A3-9474-1A3956D46DE8}") = "Services", "Services", "{1034DDFC-21C3-49AE-BB94-8B380EBADB47}"
EndProject
Project("{2150E333-8FDC-42A3-9474-1A3956D46DE8}") = "Controllers", "Controllers", "{D23AD907-B4E2-4102-8FC1-121CFFFABF22}"
EndProject
Global
	GlobalSection(SolutionConfigurationPlatforms) = preSolution
		Debug|Any CPU = Debug|Any CPU
		Release|Any CPU = Release|Any CPU
	EndGlobalSection
	GlobalSection(ProjectConfigurationPlatforms) = postSolution
		{9B3E17E7-50BB-423D-B814-351390479F13}.Debug|Any CPU.ActiveCfg = Debug|Any CPU
		{9B3E17E7-50BB-423D-B814-351390479F13}.Debug|Any CPU.Build.0 = Debug|Any CPU
		{9B3E17E7-50BB-423D-B814-351390479F13}.Release|Any CPU.ActiveCfg = Release|Any CPU
		{9B3E17E7-50BB-423D-B814-351390479F13}.Release|Any CPU.Build.0 = Release|Any CPU
		{0503A6D6-4676-4C05-996B-B4F32F4E2DD3}.Debug|Any CPU.ActiveCfg = Debug|Any CPU
		{0503A6D6-4676-4C05-996B-B4F32F4E2DD3}.Debug|Any CPU.Build.0 = Debug|Any CPU
		{0503A6D6-4676-4C05-996B-B4F32F4E2DD3}.Release|Any CPU.ActiveCfg = Release|Any CPU
		{0503A6D6-4676-4C05-996B-B4F32F4E2DD3}.Release|Any CPU.Build.0 = Release|Any CPU
	EndGlobalSection
	GlobalSection(SolutionProperties) = preSolution
		HideSolutionNode = FALSE
	EndGlobalSection
	GlobalSection(NestedProjects) = preSolution
		{0503A6D6-4676-4C05-996B-B4F32F4E2DD3} = {A060743D-4F20-4BE9-A42D-861D0DA4388D}
		{1034DDFC-21C3-49AE-BB94-8B380EBADB47} = {63A4673C-0DE6-486C-84ED-B7FE4104912E}
		{D23AD907-B4E2-4102-8FC1-121CFFFABF22} = {63A4673C-0DE6-486C-84ED-B7FE4104912E}
	EndGlobalSection
	GlobalSection(ExtensibilityGlobals) = postSolution
		SolutionGuid = {A0A2C3C8-A802-43B5-A68E-F75FBB8D6202}
	EndGlobalSection
EndGlobal
